
Microsoft Visual Studio Solution File, Format Version 12.00
# Visual Studio Version 17
VisualStudioVersion = 17.4.33213.308
MinimumVisualStudioVersion = 10.0.40219.1
Project("{FAE04EC0-301F-11D3-BF4B-00C04F79EFBC}") = "Form MES Test", "Form MES Test\Form MES Test.csproj", "{6FA3364B-92ED-48AF-9A09-E064686F779B}"
EndProject
Global
	GlobalSection(SolutionConfigurationPlatforms) = preSolution
		Debug|Any CPU = Debug|Any CPU
		Release|Any CPU = Release|Any CPU
	EndGlobalSection
	GlobalSection(ProjectConfigurationPlatforms) = postSolution
		{6FA3364B-92ED-48AF-9A09-E064686F779B}.Debug|Any CPU.ActiveCfg = Debug|Any CPU
		{6FA3364B-92ED-48AF-9A09-E064686F779B}.Debug|Any CPU.Build.0 = Debug|Any CPU
		{6FA3364B-92ED-48AF-9A09-E064686F779B}.Release|Any CPU.ActiveCfg = Release|Any CPU
		{6FA3364B-92ED-48AF-9A09-E064686F779B}.Release|Any CPU.Build.0 = Release|Any CPU
	EndGlobalSection
	GlobalSection(SolutionProperties) = preSolution
		HideSolutionNode = FALSE
	EndGlobalSection
	GlobalSection(ExtensibilityGlobals) = postSolution
		SolutionGuid = {E7A9D451-27D0-4807-8359-BD71EB387B1D}
	EndGlobalSection
EndGlobal
